// !$*UTF8*$!
{
	archiveVersion = 1;
	classes = {
	};
	objectVersion = 46;
	objects = {

/* Begin PBXBuildFile section */
		F6C72E301EE1CA5B00EF5187 /* AppDelegate.swift in Sources */ = {isa = PBXBuildFile; fileRef = F6C72E2F1EE1CA5B00EF5187 /* AppDelegate.swift */; };
		F6C72E321EE1CA5B00EF5187 /* ViewController.swift in Sources */ = {isa = PBXBuildFile; fileRef = F6C72E311EE1CA5B00EF5187 /* ViewController.swift */; };
		F6C72E351EE1CA5B00EF5187 /* Main.storyboard in Resources */ = {isa = PBXBuildFile; fileRef = F6C72E331EE1CA5B00EF5187 /* Main.storyboard */; };
		F6C72E381EE1CA5B00EF5187 /* VideoGameCollector.xcdatamodeld in Sources */ = {isa = PBXBuildFile; fileRef = F6C72E361EE1CA5B00EF5187 /* VideoGameCollector.xcdatamodeld */; };
		F6C72E3A1EE1CA5B00EF5187 /* Assets.xcassets in Resources */ = {isa = PBXBuildFile; fileRef = F6C72E391EE1CA5B00EF5187 /* Assets.xcassets */; };
		F6C72E3D1EE1CA5B00EF5187 /* LaunchScreen.storyboard in Resources */ = {isa = PBXBuildFile; fileRef = F6C72E3B1EE1CA5B00EF5187 /* LaunchScreen.storyboard */; };
		F6C72E471EE1D8EA00EF5187 /* IMG_1738.JPG in Resources */ = {isa = PBXBuildFile; fileRef = F6C72E461EE1D8EA00EF5187 /* IMG_1738.JPG */; };
		F6C72E491EE1DAC200EF5187 /* GameViewController.swift in Sources */ = {isa = PBXBuildFile; fileRef = F6C72E481EE1DAC200EF5187 /* GameViewController.swift */; };
/* End PBXBuildFile section */

/* Begin PBXFileReference section */
		F6C72E2C1EE1CA5B00EF5187 /* VideoGameCollector.app */ = {isa = PBXFileReference; explicitFileType = wrapper.application; includeInIndex = 0; path = VideoGameCollector.app; sourceTree = BUILT_PRODUCTS_DIR; };
		F6C72E2F1EE1CA5B00EF5187 /* AppDelegate.swift */ = {isa = PBXFileReference; lastKnownFileType = sourcecode.swift; path = AppDelegate.swift; sourceTree = "<group>"; };
		F6C72E311EE1CA5B00EF5187 /* ViewController.swift */ = {isa = PBXFileReference; lastKnownFileType = sourcecode.swift; path = ViewController.swift; sourceTree = "<group>"; };
		F6C72E341EE1CA5B00EF5187 /* Base */ = {isa = PBXFileReference; lastKnownFileType = file.storyboard; name = Base; path = Base.lproj/Main.storyboard; sourceTree = "<group>"; };
		F6C72E371EE1CA5B00EF5187 /* VideoGameCollector.xcdatamodel */ = {isa = PBXFileReference; lastKnownFileType = wrapper.xcdatamodel; path = VideoGameCollector.xcdatamodel; sourceTree = "<group>"; };
		F6C72E391EE1CA5B00EF5187 /* Assets.xcassets */ = {isa = PBXFileReference; lastKnownFileType = folder.assetcatalog; path = Assets.xcassets; sourceTree = "<group>"; };
		F6C72E3C1EE1CA5B00EF5187 /* Base */ = {isa = PBXFileReference; lastKnownFileType = file.storyboard; name = Base; path = Base.lproj/LaunchScreen.storyboard; sourceTree = "<group>"; };
		F6C72E3E1EE1CA5B00EF5187 /* Info.plist */ = {isa = PBXFileReference; lastKnownFileType = text.plist.xml; path = Info.plist; sourceTree = "<group>"; };
		F6C72E461EE1D8EA00EF5187 /* IMG_1738.JPG */ = {isa = PBXFileReference; lastKnownFileType = image.jpeg; path = IMG_1738.JPG; sourceTree = "<group>"; };
		F6C72E481EE1DAC200EF5187 /* GameViewController.swift */ = {isa = PBXFileReference; fileEncoding = 4; lastKnownFileType = sourcecode.swift; name = GameViewController.swift; path = ../GameViewController.swift; sourceTree = "<group>"; };
/* End PBXFileReference section */

/* Begin PBXFrameworksBuildPhase section */
		F6C72E291EE1CA5A00EF5187 /* Frameworks */ = {
			isa = PBXFrameworksBuildPhase;
			buildActionMask = 2147483647;
			files = (
			);
			runOnlyForDeploymentPostprocessing = 0;
		};
/* End PBXFrameworksBuildPhase section */

/* Begin PBXGroup section */
		F6C72E231EE1CA5A00EF5187 = {
			isa = PBXGroup;
			children = (
				F6C72E2E1EE1CA5B00EF5187 /* VideoGameCollector */,
				F6C72E2D1EE1CA5B00EF5187 /* Products */,
			);
			sourceTree = "<group>";
		};
		F6C72E2D1EE1CA5B00EF5187 /* Products */ = {
			isa = PBXGroup;
			children = (
				F6C72E2C1EE1CA5B00EF5187 /* VideoGameCollector.app */,
			);
			name = Products;
			sourceTree = "<group>";
		};
		F6C72E2E1EE1CA5B00EF5187 /* VideoGameCollector */ = {
			isa = PBXGroup;
			children = (
				F6C72E461EE1D8EA00EF5187 /* IMG_1738.JPG */,
				F6C72E481EE1DAC200EF5187 /* GameViewController.swift */,
				F6C72E2F1EE1CA5B00EF5187 /* AppDelegate.swift */,
				F6C72E311EE1CA5B00EF5187 /* ViewController.swift */,
				F6C72E331EE1CA5B00EF5187 /* Main.storyboard */,
				F6C72E391EE1CA5B00EF5187 /* Assets.xcassets */,
				F6C72E3B1EE1CA5B00EF5187 /* LaunchScreen.storyboard */,
				F6C72E3E1EE1CA5B00EF5187 /* Info.plist */,
				F6C72E361EE1CA5B00EF5187 /* VideoGameCollector.xcdatamodeld */,
			);
			path = VideoGameCollector;
			sourceTree = "<group>";
		};
/* End PBXGroup section */

/* Begin PBXNativeTarget section */
		F6C72E2B1EE1CA5A00EF5187 /* VideoGameCollector */ = {
			isa = PBXNativeTarget;
			buildConfigurationList = F6C72E411EE1CA5B00EF5187 /* Build configuration list for PBXNativeTarget "VideoGameCollector" */;
			buildPhases = (
				F6C72E281EE1CA5A00EF5187 /* Sources */,
				F6C72E291EE1CA5A00EF5187 /* Frameworks */,
				F6C72E2A1EE1CA5A00EF5187 /* Resources */,
			);
			buildRules = (
			);
			dependencies = (
			);
			name = VideoGameCollector;
			productName = VideoGameCollector;
			productReference = F6C72E2C1EE1CA5B00EF5187 /* VideoGameCollector.app */;
			productType = "com.apple.product-type.application";
		};
/* End PBXNativeTarget section */

/* Begin PBXProject section */
		F6C72E241EE1CA5A00EF5187 /* Project object */ = {
			isa = PBXProject;
			attributes = {
				LastSwiftUpdateCheck = 0830;
				LastUpgradeCheck = 0830;
				ORGANIZATIONNAME = "Luis Lopez";
				TargetAttributes = {
					F6C72E2B1EE1CA5A00EF5187 = {
						CreatedOnToolsVersion = 8.3.2;
						ProvisioningStyle = Automatic;
					};
				};
			};
			buildConfigurationList = F6C72E271EE1CA5A00EF5187 /* Build configuration list for PBXProject "VideoGameCollector" */;
			compatibilityVersion = "Xcode 3.2";
			developmentRegion = English;
			hasScannedForEncodings = 0;
			knownRegions = (
				en,
				Base,
			);
			mainGroup = F6C72E231EE1CA5A00EF5187;
			productRefGroup = F6C72E2D1EE1CA5B00EF5187 /* Products */;
			projectDirPath = "";
			projectRoot = "";
			targets = (
				F6C72E2B1EE1CA5A00EF5187 /* VideoGameCollector */,
			);
		};
/* End PBXProject section */

/* Begin PBXResourcesBuildPhase section */
		F6C72E2A1EE1CA5A00EF5187 /* Resources */ = {
			isa = PBXResourcesBuildPhase;
			buildActionMask = 2147483647;
			files = (
				F6C72E3D1EE1CA5B00EF5187 /* LaunchScreen.storyboard in Resources */,
				F6C72E3A1EE1CA5B00EF5187 /* Assets.xcassets in Resources */,
				F6C72E471EE1D8EA00EF5187 /* IMG_1738.JPG in Resources */,
				F6C72E351EE1CA5B00EF5187 /* Main.storyboard in Resources */,
			);
			runOnlyForDeploymentPostprocessing = 0;
		};
/* End PBXResourcesBuildPhase section */

/* Begin PBXSourcesBuildPhase section */
		F6C72E281EE1CA5A00EF5187 /* Sources */ = {
			isa = PBXSourcesBuildPhase;
			buildActionMask = 2147483647;
			files = (
				F6C72E491EE1DAC200EF5187 /* GameViewController.swift in Sources */,
				F6C72E321EE1CA5B00EF5187 /* ViewController.swift in Sources */,
				F6C72E381EE1CA5B00EF5187 /* VideoGameCollector.xcdatamodeld in Sources */,
				F6C72E301EE1CA5B00EF5187 /* AppDelegate.swift in Sources */,
			);
			runOnlyForDeploymentPostprocessing = 0;
		};
/* End PBXSourcesBuildPhase section */

/* Begin PBXVariantGroup section */
		F6C72E331EE1CA5B00EF5187 /* Main.storyboard */ = {
			isa = PBXVariantGroup;
			children = (
				F6C72E341EE1CA5B00EF5187 /* Base */,
			);
			name = Main.storyboard;
			sourceTree = "<group>";
		};
		F6C72E3B1EE1CA5B00EF5187 /* LaunchScreen.storyboard */ = {
			isa = PBXVariantGroup;
			children = (
				F6C72E3C1EE1CA5B00EF5187 /* Base */,
			);
			name = LaunchScreen.storyboard;
			sourceTree = "<group>";
		};
/* End PBXVariantGroup section */

/* Begin XCBuildConfiguration section */
		F6C72E3F1EE1CA5B00EF5187 /* Debug */ = {
			isa = XCBuildConfiguration;
			buildSettings = {
				ALWAYS_SEARCH_USER_PATHS = NO;
				CLANG_ANALYZER_NONNULL = YES;
				CLANG_ANALYZER_NUMBER_OBJECT_CONVERSION = YES_AGGRESSIVE;
				CLANG_CXX_LANGUAGE_STANDARD = "gnu++0x";
				CLANG_CXX_LIBRARY = "libc++";
				CLANG_ENABLE_MODULES = YES;
				CLANG_ENABLE_OBJC_ARC = YES;
				CLANG_WARN_BOOL_CONVERSION = YES;
				CLANG_WARN_CONSTANT_CONVERSION = YES;
				CLANG_WARN_DIRECT_OBJC_ISA_USAGE = YES_ERROR;
				CLANG_WARN_DOCUMENTATION_COMMENTS = YES;
				CLANG_WARN_EMPTY_BODY = YES;
				CLANG_WARN_ENUM_CONVERSION = YES;
				CLANG_WARN_INFINITE_RECURSION = YES;
				CLANG_WARN_INT_CONVERSION = YES;
				CLANG_WARN_OBJC_ROOT_CLASS = YES_ERROR;
				CLANG_WARN_SUSPICIOUS_MOVE = YES;
				CLANG_WARN_UNREACHABLE_CODE = YES;
				CLANG_WARN__DUPLICATE_METHOD_MATCH = YES;
				"CODE_SIGN_IDENTITY[sdk=iphoneos*]" = "iPhone Developer";
				COPY_PHASE_STRIP = NO;
				DEBUG_INFORMATION_FORMAT = dwarf;
				ENABLE_STRICT_OBJC_MSGSEND = YES;
				ENABLE_TESTABILITY = YES;
				GCC_C_LANGUAGE_STANDARD = gnu99;
				GCC_DYNAMIC_NO_PIC = NO;
				GCC_NO_COMMON_BLOCKS = YES;
				GCC_OPTIMIZATION_LEVEL = 0;
				GCC_PREPROCESSOR_DEFINITIONS = (
					"DEBUG=1",
					"$(inherited)",
				);
				GCC_WARN_64_TO_32_BIT_CONVERSION = YES;
				GCC_WARN_ABOUT_RETURN_TYPE = YES_ERROR;
				GCC_WARN_UNDECLARED_SELECTOR = YES;
				GCC_WARN_UNINITIALIZED_AUTOS = YES_AGGRESSIVE;
				GCC_WARN_UNUSED_FUNCTION = YES;
				GCC_WARN_UNUSED_VARIABLE = YES;
				IPHONEOS_DEPLOYMENT_TARGET = 10.3;
				MTL_ENABLE_DEBUG_INFO = YES;
				ONLY_ACTIVE_ARCH = YES;
				SDKROOT = iphoneos;
				SWIFT_ACTIVE_COMPILATION_CONDITIONS = DEBUG;
				SWIFT_OPTIMIZATION_LEVEL = "-Onone";
				TARGETED_DEVICE_FAMILY = "1,2";
			};
			name = Debug;
		};
		F6C72E401EE1CA5B00EF5187 /* Release */ = {
			isa = XCBuildConfiguration;
			buildSettings = {
				ALWAYS_SEARCH_USER_PATHS = NO;
				CLANG_ANALYZER_NONNULL = YES;
				CLANG_ANALYZER_NUMBER_OBJECT_CONVERSION = YES_AGGRESSIVE;
				CLANG_CXX_LANGUAGE_STANDARD = "gnu++0x";
				CLANG_CXX_LIBRARY = "libc++";
				CLANG_ENABLE_MODULES = YES;
				CLANG_ENABLE_OBJC_ARC = YES;
				CLANG_WARN_BOOL_CONVERSION = YES;
				CLANG_WARN_CONSTANT_CONVERSION = YES;
				CLANG_WARN_DIRECT_OBJC_ISA_USAGE = YES_ERROR;
				CLANG_WARN_DOCUMENTATION_COMMENTS = YES;
				CLANG_WARN_EMPTY_BODY = YES;
				CLANG_WARN_ENUM_CONVERSION = YES;
				CLANG_WARN_INFINITE_RECURSION = YES;
				CLANG_WARN_INT_CONVERSION = YES;
				CLANG_WARN_OBJC_ROOT_CLASS = YES_ERROR;
				CLANG_WARN_SUSPICIOUS_MOVE = YES;
				CLANG_WARN_UNREACHABLE_CODE = YES;
				CLANG_WARN__DUPLICATE_METHOD_MATCH = YES;
				"CODE_SIGN_IDENTITY[sdk=iphoneos*]" = "iPhone Developer";
				COPY_PHASE_STRIP = NO;
				DEBUG_INFORMATION_FORMAT = "dwarf-with-dsym";
				ENABLE_NS_ASSERTIONS = NO;
				ENABLE_STRICT_OBJC_MSGSEND = YES;
				GCC_C_LANGUAGE_STANDARD = gnu99;
				GCC_NO_COMMON_BLOCKS = YES;
				GCC_WARN_64_TO_32_BIT_CONVERSION = YES;
				GCC_WARN_ABOUT_RETURN_TYPE = YES_ERROR;
				GCC_WARN_UNDECLARED_SELECTOR = YES;
				GCC_WARN_UNINITIALIZED_AUTOS = YES_AGGRESSIVE;
				GCC_WARN_UNUSED_FUNCTION = YES;
				GCC_WARN_UNUSED_VARIABLE = YES;
				IPHONEOS_DEPLOYMENT_TARGET = 10.3;
				MTL_ENABLE_DEBUG_INFO = NO;
				SDKROOT = iphoneos;
				SWIFT_OPTIMIZATION_LEVEL = "-Owholemodule";
				TARGETED_DEVICE_FAMILY = "1,2";
				VALIDATE_PRODUCT = YES;
			};
			name = Release;
		};
		F6C72E421EE1CA5B00EF5187 /* Debug */ = {
			isa = XCBuildConfiguration;
			buildSettings = {
				ASSETCATALOG_COMPILER_APPICON_NAME = AppIcon;
				INFOPLIST_FILE = VideoGameCollector/Info.plist;
				LD_RUNPATH_SEARCH_PATHS = "$(inherited) @executable_path/Frameworks";
				PRODUCT_BUNDLE_IDENTIFIER = None.VideoGameCollector;
				PRODUCT_NAME = "$(TARGET_NAME)";
				SWIFT_VERSION = 3.0;
			};
			name = Debug;
		};
		F6C72E431EE1CA5B00EF5187 /* Release */ = {
			isa = XCBuildConfiguration;
			buildSettings = {
				ASSETCATALOG_COMPILER_APPICON_NAME = AppIcon;
				INFOPLIST_FILE = VideoGameCollector/Info.plist;
				LD_RUNPATH_SEARCH_PATHS = "$(inherited) @executable_path/Frameworks";
				PRODUCT_BUNDLE_IDENTIFIER = None.VideoGameCollector;
				PRODUCT_NAME = "$(TARGET_NAME)";
				SWIFT_VERSION = 3.0;
			};
			name = Release;
		};
/* End XCBuildConfiguration section */

/* Begin XCConfigurationList section */
		F6C72E271EE1CA5A00EF5187 /* Build configuration list for PBXProject "VideoGameCollector" */ = {
			isa = XCConfigurationList;
			buildConfigurations = (
				F6C72E3F1EE1CA5B00EF5187 /* Debug */,
				F6C72E401EE1CA5B00EF5187 /* Release */,
			);
			defaultConfigurationIsVisible = 0;
			defaultConfigurationName = Release;
		};
		F6C72E411EE1CA5B00EF5187 /* Build configuration list for PBXNativeTarget "VideoGameCollector" */ = {
			isa = XCConfigurationList;
			buildConfigurations = (
				F6C72E421EE1CA5B00EF5187 /* Debug */,
				F6C72E431EE1CA5B00EF5187 /* Release */,
			);
			defaultConfigurationIsVisible = 0;
		};
/* End XCConfigurationList section */

/* Begin XCVersionGroup section */
		F6C72E361EE1CA5B00EF5187 /* VideoGameCollector.xcdatamodeld */ = {
			isa = XCVersionGroup;
			children = (
				F6C72E371EE1CA5B00EF5187 /* VideoGameCollector.xcdatamodel */,
			);
			currentVersion = F6C72E371EE1CA5B00EF5187 /* VideoGameCollector.xcdatamodel */;
			path = VideoGameCollector.xcdatamodeld;
			sourceTree = "<group>";
			versionGroupType = wrapper.xcdatamodel;
		};
/* End XCVersionGroup section */
	};
	rootObject = F6C72E241EE1CA5A00EF5187 /* Project object */;
}
